
Microsoft Visual Studio Solution File, Format Version 12.00
# Visual Studio 15
VisualStudioVersion = 15.0.28307.271
MinimumVisualStudioVersion = 10.0.40219.1
Project("{FAE04EC0-301F-11D3-BF4B-00C04F79EFBC}") = "VidoeOnDemand.UI", "VidoeOnDemand.UI\VidoeOnDemand.UI.csproj", "{C672921E-A305-4A9F-A7F6-D367CBA2C32F}"
EndProject
Project("{FAE04EC0-301F-11D3-BF4B-00C04F79EFBC}") = "VideoOnDemand.Data", "VideoOnDemand.Data\VideoOnDemand.Data.csproj", "{FE0B1817-7802-48E7-8F67-BCB717148FD4}"
EndProject
Global
	GlobalSection(SolutionConfigurationPlatforms) = preSolution
		Debug|Any CPU = Debug|Any CPU
		Release|Any CPU = Release|Any CPU
	EndGlobalSection
	GlobalSection(ProjectConfigurationPlatforms) = postSolution
		{C672921E-A305-4A9F-A7F6-D367CBA2C32F}.Debug|Any CPU.ActiveCfg = Debug|Any CPU
		{C672921E-A305-4A9F-A7F6-D367CBA2C32F}.Debug|Any CPU.Build.0 = Debug|Any CPU
		{C672921E-A305-4A9F-A7F6-D367CBA2C32F}.Release|Any CPU.ActiveCfg = Release|Any CPU
		{C672921E-A305-4A9F-A7F6-D367CBA2C32F}.Release|Any CPU.Build.0 = Release|Any CPU
		{FE0B1817-7802-48E7-8F67-BCB717148FD4}.Debug|Any CPU.ActiveCfg = Debug|Any CPU
		{FE0B1817-7802-48E7-8F67-BCB717148FD4}.Debug|Any CPU.Build.0 = Debug|Any CPU
		{FE0B1817-7802-48E7-8F67-BCB717148FD4}.Release|Any CPU.ActiveCfg = Release|Any CPU
		{FE0B1817-7802-48E7-8F67-BCB717148FD4}.Release|Any CPU.Build.0 = Release|Any CPU
	EndGlobalSection
	GlobalSection(SolutionProperties) = preSolution
		HideSolutionNode = FALSE
	EndGlobalSection
	GlobalSection(ExtensibilityGlobals) = postSolution
		SolutionGuid = {4C1F4245-7D07-4082-BFD0-CE797DB25C44}
	EndGlobalSection
EndGlobal
